# Generated by move; do not edit
# This file should be checked in.

[move]
version = 4

[pinned.devnet.MoveStdlib]
source = { git = "https://github.com/MystenLabs/sui.git", subdir = "crates/sui-framework/packages/move-stdlib", rev = "0a9aa917aabeb5a6f64b822a075206440b4db3dc" }
use_environment = "devnet"
manifest_digest = "C4FE4C91DE74CBF223B2E380AE40F592177D21870DC2D7EB6227D2D694E05363"
deps = {}

[pinned.devnet.Sui]
source = { git = "https://github.com/MystenLabs/sui.git", subdir = "crates/sui-framework/packages/sui-framework", rev = "0a9aa917aabeb5a6f64b822a075206440b4db3dc" }
use_environment = "devnet"
manifest_digest = "E2EF92175C2575B1EA85274B70A9CFD8DE08662B35A68669746BBE7BAC06C17A"
deps = { MoveStdlib = "MoveStdlib" }

[pinned.devnet.axon]
source = { root = true }
use_environment = "devnet"
manifest_digest = "F3ADA041CE7F9950229C05AF761C83492EE457D92CA4E0AF391D8A7BFD525C01"
deps = { Sui = "Sui" }
